// !$*UTF8*$!
{
	archiveVersion = 1;
	classes = {
	};
	objectVersion = 50;
	objects = {

/* Begin PBXBuildFile section */
		9A2AF1DF26AB05CD000B9A9A /* SetupNameView.swift in Sources */ = {isa = PBXBuildFile; fileRef = 9A2AF1DE26AB05CC000B9A9A /* SetupNameView.swift */; };
		9A2AF1E426AB0659000B9A9A /* SetupBiomarkersView.swift in Sources */ = {isa = PBXBuildFile; fileRef = 9A2AF1E326AB0659000B9A9A /* SetupBiomarkersView.swift */; };
		9A2AF1E926AB0749000B9A9A /* SetupPermissionsView.swift in Sources */ = {isa = PBXBuildFile; fileRef = 9A2AF1E826AB0749000B9A9A /* SetupPermissionsView.swift */; };
		9A57DD8326AEBA6A004959E1 /* BaseProgressView.swift in Sources */ = {isa = PBXBuildFile; fileRef = 9A57DD8226AEBA6A004959E1 /* BaseProgressView.swift */; };
		9A632A2026A714E100E9BD0C /* SetupEntryView.swift in Sources */ = {isa = PBXBuildFile; fileRef = 9A632A1F26A714E100E9BD0C /* SetupEntryView.swift */; };
		9A64EB1926B00B070020E9AE /* DashboardView.swift in Sources */ = {isa = PBXBuildFile; fileRef = 9A64EB1826B00B070020E9AE /* DashboardView.swift */; };
		9A64EB2126B00B320020E9AE /* MainView.swift in Sources */ = {isa = PBXBuildFile; fileRef = 9A64EB2026B00B320020E9AE /* MainView.swift */; };
		9A64EB2626B0111D0020E9AE /* MainTabModel.swift in Sources */ = {isa = PBXBuildFile; fileRef = 9A64EB2526B0111D0020E9AE /* MainTabModel.swift */; };
		9AA8127B269F3B2600E39CB4 /* OnboardingCardView.swift in Sources */ = {isa = PBXBuildFile; fileRef = 9AA8127A269F3B2600E39CB4 /* OnboardingCardView.swift */; };
		9AA81290269F82B500E39CB4 /* OnboardingCardModel.swift in Sources */ = {isa = PBXBuildFile; fileRef = 9AA8128F269F82B500E39CB4 /* OnboardingCardModel.swift */; };
		9AD4AEC9269C8E42005777F2 /* MindMineApp.swift in Sources */ = {isa = PBXBuildFile; fileRef = 9AD4AEC8269C8E42005777F2 /* MindMineApp.swift */; };
		9AD4AECB269C8E42005777F2 /* ContentView.swift in Sources */ = {isa = PBXBuildFile; fileRef = 9AD4AECA269C8E42005777F2 /* ContentView.swift */; };
		9AD4AECD269C8E44005777F2 /* Assets.xcassets in Resources */ = {isa = PBXBuildFile; fileRef = 9AD4AECC269C8E44005777F2 /* Assets.xcassets */; };
		9AD4AED0269C8E44005777F2 /* Preview Assets.xcassets in Resources */ = {isa = PBXBuildFile; fileRef = 9AD4AECF269C8E44005777F2 /* Preview Assets.xcassets */; };
		9AD4AEDB269C8E44005777F2 /* MindMineTests.swift in Sources */ = {isa = PBXBuildFile; fileRef = 9AD4AEDA269C8E44005777F2 /* MindMineTests.swift */; };
		9AD4AEE6269C8E44005777F2 /* MindMineUITests.swift in Sources */ = {isa = PBXBuildFile; fileRef = 9AD4AEE5269C8E44005777F2 /* MindMineUITests.swift */; };
		9AD4AEF7269CE575005777F2 /* OnboardingView.swift in Sources */ = {isa = PBXBuildFile; fileRef = 9AD4AEF6269CE575005777F2 /* OnboardingView.swift */; };
/* End PBXBuildFile section */

/* Begin PBXContainerItemProxy section */
		9AD4AED7269C8E44005777F2 /* PBXContainerItemProxy */ = {
			isa = PBXContainerItemProxy;
			containerPortal = 9AD4AEBD269C8E42005777F2 /* Project object */;
			proxyType = 1;
			remoteGlobalIDString = 9AD4AEC4269C8E42005777F2;
			remoteInfo = MindMine;
		};
		9AD4AEE2269C8E44005777F2 /* PBXContainerItemProxy */ = {
			isa = PBXContainerItemProxy;
			containerPortal = 9AD4AEBD269C8E42005777F2 /* Project object */;
			proxyType = 1;
			remoteGlobalIDString = 9AD4AEC4269C8E42005777F2;
			remoteInfo = MindMine;
		};
/* End PBXContainerItemProxy section */

/* Begin PBXFileReference section */
		9A2AF1DE26AB05CC000B9A9A /* SetupNameView.swift */ = {isa = PBXFileReference; lastKnownFileType = sourcecode.swift; path = SetupNameView.swift; sourceTree = "<group>"; };
		9A2AF1E326AB0659000B9A9A /* SetupBiomarkersView.swift */ = {isa = PBXFileReference; lastKnownFileType = sourcecode.swift; path = SetupBiomarkersView.swift; sourceTree = "<group>"; };
		9A2AF1E826AB0749000B9A9A /* SetupPermissionsView.swift */ = {isa = PBXFileReference; lastKnownFileType = sourcecode.swift; path = SetupPermissionsView.swift; sourceTree = "<group>"; };
		9A57DD8226AEBA6A004959E1 /* BaseProgressView.swift */ = {isa = PBXFileReference; lastKnownFileType = sourcecode.swift; path = BaseProgressView.swift; sourceTree = "<group>"; };
		9A632A1F26A714E100E9BD0C /* SetupEntryView.swift */ = {isa = PBXFileReference; lastKnownFileType = sourcecode.swift; path = SetupEntryView.swift; sourceTree = "<group>"; };
		9A64EB1826B00B070020E9AE /* DashboardView.swift */ = {isa = PBXFileReference; lastKnownFileType = sourcecode.swift; path = DashboardView.swift; sourceTree = "<group>"; };
		9A64EB2026B00B320020E9AE /* MainView.swift */ = {isa = PBXFileReference; lastKnownFileType = sourcecode.swift; path = MainView.swift; sourceTree = "<group>"; };
		9A64EB2526B0111D0020E9AE /* MainTabModel.swift */ = {isa = PBXFileReference; lastKnownFileType = sourcecode.swift; path = MainTabModel.swift; sourceTree = "<group>"; };
		9AA8127A269F3B2600E39CB4 /* OnboardingCardView.swift */ = {isa = PBXFileReference; lastKnownFileType = sourcecode.swift; path = OnboardingCardView.swift; sourceTree = "<group>"; };
		9AA8128F269F82B500E39CB4 /* OnboardingCardModel.swift */ = {isa = PBXFileReference; lastKnownFileType = sourcecode.swift; path = OnboardingCardModel.swift; sourceTree = "<group>"; };
		9AD4AEC5269C8E42005777F2 /* MindMine.app */ = {isa = PBXFileReference; explicitFileType = wrapper.application; includeInIndex = 0; path = MindMine.app; sourceTree = BUILT_PRODUCTS_DIR; };
		9AD4AEC8269C8E42005777F2 /* MindMineApp.swift */ = {isa = PBXFileReference; lastKnownFileType = sourcecode.swift; path = MindMineApp.swift; sourceTree = "<group>"; };
		9AD4AECA269C8E42005777F2 /* ContentView.swift */ = {isa = PBXFileReference; lastKnownFileType = sourcecode.swift; path = ContentView.swift; sourceTree = "<group>"; };
		9AD4AECC269C8E44005777F2 /* Assets.xcassets */ = {isa = PBXFileReference; lastKnownFileType = folder.assetcatalog; path = Assets.xcassets; sourceTree = "<group>"; };
		9AD4AECF269C8E44005777F2 /* Preview Assets.xcassets */ = {isa = PBXFileReference; lastKnownFileType = folder.assetcatalog; path = "Preview Assets.xcassets"; sourceTree = "<group>"; };
		9AD4AED1269C8E44005777F2 /* Info.plist */ = {isa = PBXFileReference; lastKnownFileType = text.plist.xml; path = Info.plist; sourceTree = "<group>"; };
		9AD4AED6269C8E44005777F2 /* MindMineTests.xctest */ = {isa = PBXFileReference; explicitFileType = wrapper.cfbundle; includeInIndex = 0; path = MindMineTests.xctest; sourceTree = BUILT_PRODUCTS_DIR; };
		9AD4AEDA269C8E44005777F2 /* MindMineTests.swift */ = {isa = PBXFileReference; lastKnownFileType = sourcecode.swift; path = MindMineTests.swift; sourceTree = "<group>"; };
		9AD4AEDC269C8E44005777F2 /* Info.plist */ = {isa = PBXFileReference; lastKnownFileType = text.plist.xml; path = Info.plist; sourceTree = "<group>"; };
		9AD4AEE1269C8E44005777F2 /* MindMineUITests.xctest */ = {isa = PBXFileReference; explicitFileType = wrapper.cfbundle; includeInIndex = 0; path = MindMineUITests.xctest; sourceTree = BUILT_PRODUCTS_DIR; };
		9AD4AEE5269C8E44005777F2 /* MindMineUITests.swift */ = {isa = PBXFileReference; lastKnownFileType = sourcecode.swift; path = MindMineUITests.swift; sourceTree = "<group>"; };
		9AD4AEE7269C8E44005777F2 /* Info.plist */ = {isa = PBXFileReference; lastKnownFileType = text.plist.xml; path = Info.plist; sourceTree = "<group>"; };
		9AD4AEF6269CE575005777F2 /* OnboardingView.swift */ = {isa = PBXFileReference; lastKnownFileType = sourcecode.swift; path = OnboardingView.swift; sourceTree = "<group>"; };
/* End PBXFileReference section */

/* Begin PBXFrameworksBuildPhase section */
		9AD4AEC2269C8E42005777F2 /* Frameworks */ = {
			isa = PBXFrameworksBuildPhase;
			buildActionMask = 2147483647;
			files = (
			);
			runOnlyForDeploymentPostprocessing = 0;
		};
		9AD4AED3269C8E44005777F2 /* Frameworks */ = {
			isa = PBXFrameworksBuildPhase;
			buildActionMask = 2147483647;
			files = (
			);
			runOnlyForDeploymentPostprocessing = 0;
		};
		9AD4AEDE269C8E44005777F2 /* Frameworks */ = {
			isa = PBXFrameworksBuildPhase;
			buildActionMask = 2147483647;
			files = (
			);
			runOnlyForDeploymentPostprocessing = 0;
		};
/* End PBXFrameworksBuildPhase section */

/* Begin PBXGroup section */
		9A632A1E26A714CC00E9BD0C /* Setup */ = {
			isa = PBXGroup;
			children = (
				9A632A1F26A714E100E9BD0C /* SetupEntryView.swift */,
				9A2AF1DE26AB05CC000B9A9A /* SetupNameView.swift */,
				9A2AF1E326AB0659000B9A9A /* SetupBiomarkersView.swift */,
				9A2AF1E826AB0749000B9A9A /* SetupPermissionsView.swift */,
				9A57DD8226AEBA6A004959E1 /* BaseProgressView.swift */,
			);
			path = Setup;
			sourceTree = "<group>";
		};
		9A64EB1726B00A8F0020E9AE /* Dashboard */ = {
			isa = PBXGroup;
			children = (
				9A64EB1826B00B070020E9AE /* DashboardView.swift */,
			);
			path = Dashboard;
			sourceTree = "<group>";
		};
		9AC24B80269CE82B00BD956B /* Onboarding */ = {
			isa = PBXGroup;
			children = (
				9AD4AEF6269CE575005777F2 /* OnboardingView.swift */,
				9AA8127A269F3B2600E39CB4 /* OnboardingCardView.swift */,
				9AA8128F269F82B500E39CB4 /* OnboardingCardModel.swift */,
			);
			path = Onboarding;
			sourceTree = "<group>";
		};
		9AD4AEBC269C8E42005777F2 = {
			isa = PBXGroup;
			children = (
				9AD4AEC7269C8E42005777F2 /* MindMine */,
				9AD4AED9269C8E44005777F2 /* MindMineTests */,
				9AD4AEE4269C8E44005777F2 /* MindMineUITests */,
				9AD4AEC6269C8E42005777F2 /* Products */,
			);
			sourceTree = "<group>";
		};
		9AD4AEC6269C8E42005777F2 /* Products */ = {
			isa = PBXGroup;
			children = (
				9AD4AEC5269C8E42005777F2 /* MindMine.app */,
				9AD4AED6269C8E44005777F2 /* MindMineTests.xctest */,
				9AD4AEE1269C8E44005777F2 /* MindMineUITests.xctest */,
			);
			name = Products;
			sourceTree = "<group>";
		};
		9AD4AEC7269C8E42005777F2 /* MindMine */ = {
			isa = PBXGroup;
			children = (
				9A64EB1726B00A8F0020E9AE /* Dashboard */,
				9AD4AEC8269C8E42005777F2 /* MindMineApp.swift */,
				9AD4AECA269C8E42005777F2 /* ContentView.swift */,
				9AD4AECC269C8E44005777F2 /* Assets.xcassets */,
				9AD4AED1269C8E44005777F2 /* Info.plist */,
				9AC24B80269CE82B00BD956B /* Onboarding */,
				9A632A1E26A714CC00E9BD0C /* Setup */,
				9AD4AECE269C8E44005777F2 /* Preview Content */,
				9A64EB2026B00B320020E9AE /* MainView.swift */,
				9A64EB2526B0111D0020E9AE /* MainTabModel.swift */,
			);
			path = MindMine;
			sourceTree = "<group>";
		};
		9AD4AECE269C8E44005777F2 /* Preview Content */ = {
			isa = PBXGroup;
			children = (
				9AD4AECF269C8E44005777F2 /* Preview Assets.xcassets */,
			);
			path = "Preview Content";
			sourceTree = "<group>";
		};
		9AD4AED9269C8E44005777F2 /* MindMineTests */ = {
			isa = PBXGroup;
			children = (
				9AD4AEDA269C8E44005777F2 /* MindMineTests.swift */,
				9AD4AEDC269C8E44005777F2 /* Info.plist */,
			);
			path = MindMineTests;
			sourceTree = "<group>";
		};
		9AD4AEE4269C8E44005777F2 /* MindMineUITests */ = {
			isa = PBXGroup;
			children = (
				9AD4AEE5269C8E44005777F2 /* MindMineUITests.swift */,
				9AD4AEE7269C8E44005777F2 /* Info.plist */,
			);
			path = MindMineUITests;
			sourceTree = "<group>";
		};
/* End PBXGroup section */

/* Begin PBXNativeTarget section */
		9AD4AEC4269C8E42005777F2 /* MindMine */ = {
			isa = PBXNativeTarget;
			buildConfigurationList = 9AD4AEEA269C8E44005777F2 /* Build configuration list for PBXNativeTarget "MindMine" */;
			buildPhases = (
				9AD4AEC1269C8E42005777F2 /* Sources */,
				9AD4AEC2269C8E42005777F2 /* Frameworks */,
				9AD4AEC3269C8E42005777F2 /* Resources */,
			);
			buildRules = (
			);
			dependencies = (
			);
			name = MindMine;
			productName = MindMine;
			productReference = 9AD4AEC5269C8E42005777F2 /* MindMine.app */;
			productType = "com.apple.product-type.application";
		};
		9AD4AED5269C8E44005777F2 /* MindMineTests */ = {
			isa = PBXNativeTarget;
			buildConfigurationList = 9AD4AEED269C8E44005777F2 /* Build configuration list for PBXNativeTarget "MindMineTests" */;
			buildPhases = (
				9AD4AED2269C8E44005777F2 /* Sources */,
				9AD4AED3269C8E44005777F2 /* Frameworks */,
				9AD4AED4269C8E44005777F2 /* Resources */,
			);
			buildRules = (
			);
			dependencies = (
				9AD4AED8269C8E44005777F2 /* PBXTargetDependency */,
			);
			name = MindMineTests;
			productName = MindMineTests;
			productReference = 9AD4AED6269C8E44005777F2 /* MindMineTests.xctest */;
			productType = "com.apple.product-type.bundle.unit-test";
		};
		9AD4AEE0269C8E44005777F2 /* MindMineUITests */ = {
			isa = PBXNativeTarget;
			buildConfigurationList = 9AD4AEF0269C8E44005777F2 /* Build configuration list for PBXNativeTarget "MindMineUITests" */;
			buildPhases = (
				9AD4AEDD269C8E44005777F2 /* Sources */,
				9AD4AEDE269C8E44005777F2 /* Frameworks */,
				9AD4AEDF269C8E44005777F2 /* Resources */,
			);
			buildRules = (
			);
			dependencies = (
				9AD4AEE3269C8E44005777F2 /* PBXTargetDependency */,
			);
			name = MindMineUITests;
			productName = MindMineUITests;
			productReference = 9AD4AEE1269C8E44005777F2 /* MindMineUITests.xctest */;
			productType = "com.apple.product-type.bundle.ui-testing";
		};
/* End PBXNativeTarget section */

/* Begin PBXProject section */
		9AD4AEBD269C8E42005777F2 /* Project object */ = {
			isa = PBXProject;
			attributes = {
				LastSwiftUpdateCheck = 1240;
				LastUpgradeCheck = 1240;
				TargetAttributes = {
					9AD4AEC4269C8E42005777F2 = {
						CreatedOnToolsVersion = 12.4;
					};
					9AD4AED5269C8E44005777F2 = {
						CreatedOnToolsVersion = 12.4;
						TestTargetID = 9AD4AEC4269C8E42005777F2;
					};
					9AD4AEE0269C8E44005777F2 = {
						CreatedOnToolsVersion = 12.4;
						TestTargetID = 9AD4AEC4269C8E42005777F2;
					};
				};
			};
			buildConfigurationList = 9AD4AEC0269C8E42005777F2 /* Build configuration list for PBXProject "MindMine" */;
			compatibilityVersion = "Xcode 9.3";
			developmentRegion = en;
			hasScannedForEncodings = 0;
			knownRegions = (
				en,
				Base,
			);
			mainGroup = 9AD4AEBC269C8E42005777F2;
			productRefGroup = 9AD4AEC6269C8E42005777F2 /* Products */;
			projectDirPath = "";
			projectRoot = "";
			targets = (
				9AD4AEC4269C8E42005777F2 /* MindMine */,
				9AD4AED5269C8E44005777F2 /* MindMineTests */,
				9AD4AEE0269C8E44005777F2 /* MindMineUITests */,
			);
		};
/* End PBXProject section */

/* Begin PBXResourcesBuildPhase section */
		9AD4AEC3269C8E42005777F2 /* Resources */ = {
			isa = PBXResourcesBuildPhase;
			buildActionMask = 2147483647;
			files = (
				9AD4AED0269C8E44005777F2 /* Preview Assets.xcassets in Resources */,
				9AD4AECD269C8E44005777F2 /* Assets.xcassets in Resources */,
			);
			runOnlyForDeploymentPostprocessing = 0;
		};
		9AD4AED4269C8E44005777F2 /* Resources */ = {
			isa = PBXResourcesBuildPhase;
			buildActionMask = 2147483647;
			files = (
			);
			runOnlyForDeploymentPostprocessing = 0;
		};
		9AD4AEDF269C8E44005777F2 /* Resources */ = {
			isa = PBXResourcesBuildPhase;
			buildActionMask = 2147483647;
			files = (
			);
			runOnlyForDeploymentPostprocessing = 0;
		};
/* End PBXResourcesBuildPhase section */

/* Begin PBXSourcesBuildPhase section */
		9AD4AEC1269C8E42005777F2 /* Sources */ = {
			isa = PBXSourcesBuildPhase;
			buildActionMask = 2147483647;
			files = (
				9A2AF1E926AB0749000B9A9A /* SetupPermissionsView.swift in Sources */,
				9A64EB2126B00B320020E9AE /* MainView.swift in Sources */,
				9AD4AEF7269CE575005777F2 /* OnboardingView.swift in Sources */,
				9AD4AECB269C8E42005777F2 /* ContentView.swift in Sources */,
				9AD4AEC9269C8E42005777F2 /* MindMineApp.swift in Sources */,
				9AA8127B269F3B2600E39CB4 /* OnboardingCardView.swift in Sources */,
				9A632A2026A714E100E9BD0C /* SetupEntryView.swift in Sources */,
				9A64EB1926B00B070020E9AE /* DashboardView.swift in Sources */,
				9AA81290269F82B500E39CB4 /* OnboardingCardModel.swift in Sources */,
				9A2AF1DF26AB05CD000B9A9A /* SetupNameView.swift in Sources */,
				9A57DD8326AEBA6A004959E1 /* BaseProgressView.swift in Sources */,
				9A2AF1E426AB0659000B9A9A /* SetupBiomarkersView.swift in Sources */,
				9A64EB2626B0111D0020E9AE /* MainTabModel.swift in Sources */,
			);
			runOnlyForDeploymentPostprocessing = 0;
		};
		9AD4AED2269C8E44005777F2 /* Sources */ = {
			isa = PBXSourcesBuildPhase;
			buildActionMask = 2147483647;
			files = (
				9AD4AEDB269C8E44005777F2 /* MindMineTests.swift in Sources */,
			);
			runOnlyForDeploymentPostprocessing = 0;
		};
		9AD4AEDD269C8E44005777F2 /* Sources */ = {
			isa = PBXSourcesBuildPhase;
			buildActionMask = 2147483647;
			files = (
				9AD4AEE6269C8E44005777F2 /* MindMineUITests.swift in Sources */,
			);
			runOnlyForDeploymentPostprocessing = 0;
		};
/* End PBXSourcesBuildPhase section */

/* Begin PBXTargetDependency section */
		9AD4AED8269C8E44005777F2 /* PBXTargetDependency */ = {
			isa = PBXTargetDependency;
			target = 9AD4AEC4269C8E42005777F2 /* MindMine */;
			targetProxy = 9AD4AED7269C8E44005777F2 /* PBXContainerItemProxy */;
		};
		9AD4AEE3269C8E44005777F2 /* PBXTargetDependency */ = {
			isa = PBXTargetDependency;
			target = 9AD4AEC4269C8E42005777F2 /* MindMine */;
			targetProxy = 9AD4AEE2269C8E44005777F2 /* PBXContainerItemProxy */;
		};
/* End PBXTargetDependency section */

/* Begin XCBuildConfiguration section */
		9AD4AEE8269C8E44005777F2 /* Debug */ = {
			isa = XCBuildConfiguration;
			buildSettings = {
				ALWAYS_SEARCH_USER_PATHS = NO;
				CLANG_ANALYZER_NONNULL = YES;
				CLANG_ANALYZER_NUMBER_OBJECT_CONVERSION = YES_AGGRESSIVE;
				CLANG_CXX_LANGUAGE_STANDARD = "gnu++14";
				CLANG_CXX_LIBRARY = "libc++";
				CLANG_ENABLE_MODULES = YES;
				CLANG_ENABLE_OBJC_ARC = YES;
				CLANG_ENABLE_OBJC_WEAK = YES;
				CLANG_WARN_BLOCK_CAPTURE_AUTORELEASING = YES;
				CLANG_WARN_BOOL_CONVERSION = YES;
				CLANG_WARN_COMMA = YES;
				CLANG_WARN_CONSTANT_CONVERSION = YES;
				CLANG_WARN_DEPRECATED_OBJC_IMPLEMENTATIONS = YES;
				CLANG_WARN_DIRECT_OBJC_ISA_USAGE = YES_ERROR;
				CLANG_WARN_DOCUMENTATION_COMMENTS = YES;
				CLANG_WARN_EMPTY_BODY = YES;
				CLANG_WARN_ENUM_CONVERSION = YES;
				CLANG_WARN_INFINITE_RECURSION = YES;
				CLANG_WARN_INT_CONVERSION = YES;
				CLANG_WARN_NON_LITERAL_NULL_CONVERSION = YES;
				CLANG_WARN_OBJC_IMPLICIT_RETAIN_SELF = YES;
				CLANG_WARN_OBJC_LITERAL_CONVERSION = YES;
				CLANG_WARN_OBJC_ROOT_CLASS = YES_ERROR;
				CLANG_WARN_QUOTED_INCLUDE_IN_FRAMEWORK_HEADER = YES;
				CLANG_WARN_RANGE_LOOP_ANALYSIS = YES;
				CLANG_WARN_STRICT_PROTOTYPES = YES;
				CLANG_WARN_SUSPICIOUS_MOVE = YES;
				CLANG_WARN_UNGUARDED_AVAILABILITY = YES_AGGRESSIVE;
				CLANG_WARN_UNREACHABLE_CODE = YES;
				CLANG_WARN__DUPLICATE_METHOD_MATCH = YES;
				COPY_PHASE_STRIP = NO;
				DEBUG_INFORMATION_FORMAT = dwarf;
				ENABLE_STRICT_OBJC_MSGSEND = YES;
				ENABLE_TESTABILITY = YES;
				GCC_C_LANGUAGE_STANDARD = gnu11;
				GCC_DYNAMIC_NO_PIC = NO;
				GCC_NO_COMMON_BLOCKS = YES;
				GCC_OPTIMIZATION_LEVEL = 0;
				GCC_PREPROCESSOR_DEFINITIONS = (
					"DEBUG=1",
					"$(inherited)",
				);
				GCC_WARN_64_TO_32_BIT_CONVERSION = YES;
				GCC_WARN_ABOUT_RETURN_TYPE = YES_ERROR;
				GCC_WARN_UNDECLARED_SELECTOR = YES;
				GCC_WARN_UNINITIALIZED_AUTOS = YES_AGGRESSIVE;
				GCC_WARN_UNUSED_FUNCTION = YES;
				GCC_WARN_UNUSED_VARIABLE = YES;
				IPHONEOS_DEPLOYMENT_TARGET = 14.4;
				MTL_ENABLE_DEBUG_INFO = INCLUDE_SOURCE;
				MTL_FAST_MATH = YES;
				ONLY_ACTIVE_ARCH = YES;
				SDKROOT = iphoneos;
				SWIFT_ACTIVE_COMPILATION_CONDITIONS = DEBUG;
				SWIFT_OPTIMIZATION_LEVEL = "-Onone";
			};
			name = Debug;
		};
		9AD4AEE9269C8E44005777F2 /* Release */ = {
			isa = XCBuildConfiguration;
			buildSettings = {
				ALWAYS_SEARCH_USER_PATHS = NO;
				CLANG_ANALYZER_NONNULL = YES;
				CLANG_ANALYZER_NUMBER_OBJECT_CONVERSION = YES_AGGRESSIVE;
				CLANG_CXX_LANGUAGE_STANDARD = "gnu++14";
				CLANG_CXX_LIBRARY = "libc++";
				CLANG_ENABLE_MODULES = YES;
				CLANG_ENABLE_OBJC_ARC = YES;
				CLANG_ENABLE_OBJC_WEAK = YES;
				CLANG_WARN_BLOCK_CAPTURE_AUTORELEASING = YES;
				CLANG_WARN_BOOL_CONVERSION = YES;
				CLANG_WARN_COMMA = YES;
				CLANG_WARN_CONSTANT_CONVERSION = YES;
				CLANG_WARN_DEPRECATED_OBJC_IMPLEMENTATIONS = YES;
				CLANG_WARN_DIRECT_OBJC_ISA_USAGE = YES_ERROR;
				CLANG_WARN_DOCUMENTATION_COMMENTS = YES;
				CLANG_WARN_EMPTY_BODY = YES;
				CLANG_WARN_ENUM_CONVERSION = YES;
				CLANG_WARN_INFINITE_RECURSION = YES;
				CLANG_WARN_INT_CONVERSION = YES;
				CLANG_WARN_NON_LITERAL_NULL_CONVERSION = YES;
				CLANG_WARN_OBJC_IMPLICIT_RETAIN_SELF = YES;
				CLANG_WARN_OBJC_LITERAL_CONVERSION = YES;
				CLANG_WARN_OBJC_ROOT_CLASS = YES_ERROR;
				CLANG_WARN_QUOTED_INCLUDE_IN_FRAMEWORK_HEADER = YES;
				CLANG_WARN_RANGE_LOOP_ANALYSIS = YES;
				CLANG_WARN_STRICT_PROTOTYPES = YES;
				CLANG_WARN_SUSPICIOUS_MOVE = YES;
				CLANG_WARN_UNGUARDED_AVAILABILITY = YES_AGGRESSIVE;
				CLANG_WARN_UNREACHABLE_CODE = YES;
				CLANG_WARN__DUPLICATE_METHOD_MATCH = YES;
				COPY_PHASE_STRIP = NO;
				DEBUG_INFORMATION_FORMAT = "dwarf-with-dsym";
				ENABLE_NS_ASSERTIONS = NO;
				ENABLE_STRICT_OBJC_MSGSEND = YES;
				GCC_C_LANGUAGE_STANDARD = gnu11;
				GCC_NO_COMMON_BLOCKS = YES;
				GCC_WARN_64_TO_32_BIT_CONVERSION = YES;
				GCC_WARN_ABOUT_RETURN_TYPE = YES_ERROR;
				GCC_WARN_UNDECLARED_SELECTOR = YES;
				GCC_WARN_UNINITIALIZED_AUTOS = YES_AGGRESSIVE;
				GCC_WARN_UNUSED_FUNCTION = YES;
				GCC_WARN_UNUSED_VARIABLE = YES;
				IPHONEOS_DEPLOYMENT_TARGET = 14.4;
				MTL_ENABLE_DEBUG_INFO = NO;
				MTL_FAST_MATH = YES;
				SDKROOT = iphoneos;
				SWIFT_COMPILATION_MODE = wholemodule;
				SWIFT_OPTIMIZATION_LEVEL = "-O";
				VALIDATE_PRODUCT = YES;
			};
			name = Release;
		};
		9AD4AEEB269C8E44005777F2 /* Debug */ = {
			isa = XCBuildConfiguration;
			buildSettings = {
				ASSETCATALOG_COMPILER_APPICON_NAME = AppIcon;
				ASSETCATALOG_COMPILER_GLOBAL_ACCENT_COLOR_NAME = AccentColor;
				CODE_SIGN_STYLE = Automatic;
				DEVELOPMENT_ASSET_PATHS = "\"MindMine/Preview Content\"";
				DEVELOPMENT_TEAM = AQ8T9LR5UR;
				ENABLE_PREVIEWS = YES;
				INFOPLIST_FILE = MindMine/Info.plist;
				IPHONEOS_DEPLOYMENT_TARGET = 14.0;
				LD_RUNPATH_SEARCH_PATHS = (
					"$(inherited)",
					"@executable_path/Frameworks",
				);
				PRODUCT_BUNDLE_IDENTIFIER = io.mindmine.MindMine;
				PRODUCT_NAME = "$(TARGET_NAME)";
				SWIFT_VERSION = 5.0;
				TARGETED_DEVICE_FAMILY = "1,2";
			};
			name = Debug;
		};
		9AD4AEEC269C8E44005777F2 /* Release */ = {
			isa = XCBuildConfiguration;
			buildSettings = {
				ASSETCATALOG_COMPILER_APPICON_NAME = AppIcon;
				ASSETCATALOG_COMPILER_GLOBAL_ACCENT_COLOR_NAME = AccentColor;
				CODE_SIGN_STYLE = Automatic;
				DEVELOPMENT_ASSET_PATHS = "\"MindMine/Preview Content\"";
				DEVELOPMENT_TEAM = AQ8T9LR5UR;
				ENABLE_PREVIEWS = YES;
				INFOPLIST_FILE = MindMine/Info.plist;
				IPHONEOS_DEPLOYMENT_TARGET = 14.0;
				LD_RUNPATH_SEARCH_PATHS = (
					"$(inherited)",
					"@executable_path/Frameworks",
				);
				PRODUCT_BUNDLE_IDENTIFIER = io.mindmine.MindMine;
				PRODUCT_NAME = "$(TARGET_NAME)";
				SWIFT_VERSION = 5.0;
				TARGETED_DEVICE_FAMILY = "1,2";
			};
			name = Release;
		};
		9AD4AEEE269C8E44005777F2 /* Debug */ = {
			isa = XCBuildConfiguration;
			buildSettings = {
				ALWAYS_EMBED_SWIFT_STANDARD_LIBRARIES = YES;
				BUNDLE_LOADER = "$(TEST_HOST)";
				CODE_SIGN_STYLE = Automatic;
				DEVELOPMENT_TEAM = AQ8T9LR5UR;
				INFOPLIST_FILE = MindMineTests/Info.plist;
				IPHONEOS_DEPLOYMENT_TARGET = 14.0;
				LD_RUNPATH_SEARCH_PATHS = (
					"$(inherited)",
					"@executable_path/Frameworks",
					"@loader_path/Frameworks",
				);
				PRODUCT_BUNDLE_IDENTIFIER = io.mindmine.MindMineTests;
				PRODUCT_NAME = "$(TARGET_NAME)";
				SWIFT_VERSION = 5.0;
				TARGETED_DEVICE_FAMILY = "1,2";
				TEST_HOST = "$(BUILT_PRODUCTS_DIR)/MindMine.app/MindMine";
			};
			name = Debug;
		};
		9AD4AEEF269C8E44005777F2 /* Release */ = {
			isa = XCBuildConfiguration;
			buildSettings = {
				ALWAYS_EMBED_SWIFT_STANDARD_LIBRARIES = YES;
				BUNDLE_LOADER = "$(TEST_HOST)";
				CODE_SIGN_STYLE = Automatic;
				DEVELOPMENT_TEAM = AQ8T9LR5UR;
				INFOPLIST_FILE = MindMineTests/Info.plist;
				IPHONEOS_DEPLOYMENT_TARGET = 14.0;
				LD_RUNPATH_SEARCH_PATHS = (
					"$(inherited)",
					"@executable_path/Frameworks",
					"@loader_path/Frameworks",
				);
				PRODUCT_BUNDLE_IDENTIFIER = io.mindmine.MindMineTests;
				PRODUCT_NAME = "$(TARGET_NAME)";
				SWIFT_VERSION = 5.0;
				TARGETED_DEVICE_FAMILY = "1,2";
				TEST_HOST = "$(BUILT_PRODUCTS_DIR)/MindMine.app/MindMine";
			};
			name = Release;
		};
		9AD4AEF1269C8E44005777F2 /* Debug */ = {
			isa = XCBuildConfiguration;
			buildSettings = {
				ALWAYS_EMBED_SWIFT_STANDARD_LIBRARIES = YES;
				CODE_SIGN_STYLE = Automatic;
				DEVELOPMENT_TEAM = AQ8T9LR5UR;
				INFOPLIST_FILE = MindMineUITests/Info.plist;
				LD_RUNPATH_SEARCH_PATHS = (
					"$(inherited)",
					"@executable_path/Frameworks",
					"@loader_path/Frameworks",
				);
				PRODUCT_BUNDLE_IDENTIFIER = io.mindmine.MindMineUITests;
				PRODUCT_NAME = "$(TARGET_NAME)";
				SWIFT_VERSION = 5.0;
				TARGETED_DEVICE_FAMILY = "1,2";
				TEST_TARGET_NAME = MindMine;
			};
			name = Debug;
		};
		9AD4AEF2269C8E44005777F2 /* Release */ = {
			isa = XCBuildConfiguration;
			buildSettings = {
				ALWAYS_EMBED_SWIFT_STANDARD_LIBRARIES = YES;
				CODE_SIGN_STYLE = Automatic;
				DEVELOPMENT_TEAM = AQ8T9LR5UR;
				INFOPLIST_FILE = MindMineUITests/Info.plist;
				LD_RUNPATH_SEARCH_PATHS = (
					"$(inherited)",
					"@executable_path/Frameworks",
					"@loader_path/Frameworks",
				);
				PRODUCT_BUNDLE_IDENTIFIER = io.mindmine.MindMineUITests;
				PRODUCT_NAME = "$(TARGET_NAME)";
				SWIFT_VERSION = 5.0;
				TARGETED_DEVICE_FAMILY = "1,2";
				TEST_TARGET_NAME = MindMine;
			};
			name = Release;
		};
/* End XCBuildConfiguration section */

/* Begin XCConfigurationList section */
		9AD4AEC0269C8E42005777F2 /* Build configuration list for PBXProject "MindMine" */ = {
			isa = XCConfigurationList;
			buildConfigurations = (
				9AD4AEE8269C8E44005777F2 /* Debug */,
				9AD4AEE9269C8E44005777F2 /* Release */,
			);
			defaultConfigurationIsVisible = 0;
			defaultConfigurationName = Release;
		};
		9AD4AEEA269C8E44005777F2 /* Build configuration list for PBXNativeTarget "MindMine" */ = {
			isa = XCConfigurationList;
			buildConfigurations = (
				9AD4AEEB269C8E44005777F2 /* Debug */,
				9AD4AEEC269C8E44005777F2 /* Release */,
			);
			defaultConfigurationIsVisible = 0;
			defaultConfigurationName = Release;
		};
		9AD4AEED269C8E44005777F2 /* Build configuration list for PBXNativeTarget "MindMineTests" */ = {
			isa = XCConfigurationList;
			buildConfigurations = (
				9AD4AEEE269C8E44005777F2 /* Debug */,
				9AD4AEEF269C8E44005777F2 /* Release */,
			);
			defaultConfigurationIsVisible = 0;
			defaultConfigurationName = Release;
		};
		9AD4AEF0269C8E44005777F2 /* Build configuration list for PBXNativeTarget "MindMineUITests" */ = {
			isa = XCConfigurationList;
			buildConfigurations = (
				9AD4AEF1269C8E44005777F2 /* Debug */,
				9AD4AEF2269C8E44005777F2 /* Release */,
			);
			defaultConfigurationIsVisible = 0;
			defaultConfigurationName = Release;
		};
/* End XCConfigurationList section */
	};
	rootObject = 9AD4AEBD269C8E42005777F2 /* Project object */;
}
