// !$*UTF8*$!
{
	archiveVersion = 1;
	classes = {
	};
	objectVersion = 51;
	objects = {

/* Begin PBXBuildFile section */
		07535F84C7DA861D8B8BC88D /* Pods_MindMineTests.framework in Frameworks */ = {isa = PBXBuildFile; fileRef = 9FBF7F3172A4D33FD72BF3B8 /* Pods_MindMineTests.framework */; };
		6BC57CCC25EE523700D709E2 /* AppDelegate.swift in Sources */ = {isa = PBXBuildFile; fileRef = 6BC57CCB25EE523700D709E2 /* AppDelegate.swift */; };
		6BC57CCE25EE523700D709E2 /* SceneDelegate.swift in Sources */ = {isa = PBXBuildFile; fileRef = 6BC57CCD25EE523700D709E2 /* SceneDelegate.swift */; };
		6BC57CD025EE523700D709E2 /* MainController.swift in Sources */ = {isa = PBXBuildFile; fileRef = 6BC57CCF25EE523700D709E2 /* MainController.swift */; };
		6BC57CD325EE523700D709E2 /* Main.storyboard in Resources */ = {isa = PBXBuildFile; fileRef = 6BC57CD125EE523700D709E2 /* Main.storyboard */; };
		6BC57CD525EE523A00D709E2 /* Assets.xcassets in Resources */ = {isa = PBXBuildFile; fileRef = 6BC57CD425EE523A00D709E2 /* Assets.xcassets */; };
		6BC57CD825EE523A00D709E2 /* LaunchScreen.storyboard in Resources */ = {isa = PBXBuildFile; fileRef = 6BC57CD625EE523A00D709E2 /* LaunchScreen.storyboard */; };
		6BC57D0725EE525700D709E2 /* MindMineTests.swift in Sources */ = {isa = PBXBuildFile; fileRef = 6BC57D0525EE525700D709E2 /* MindMineTests.swift */; };
		6BC57D1D25EE527D00D709E2 /* MindMineUITests.swift in Sources */ = {isa = PBXBuildFile; fileRef = 6BC57D1C25EE527D00D709E2 /* MindMineUITests.swift */; };
		6BD855D325F19ECD00C9E748 /* Model.xcdatamodeld in Sources */ = {isa = PBXBuildFile; fileRef = 6BD855D125F19ECC00C9E748 /* Model.xcdatamodeld */; };
		6BD855E325F2810F00C9E748 /* LocationItem.swift in Sources */ = {isa = PBXBuildFile; fileRef = 6BD855E225F2810F00C9E748 /* LocationItem.swift */; };
		7E5753090306EC916D9DC89B /* Pods_MindMine_MindMineUITests.framework in Frameworks */ = {isa = PBXBuildFile; fileRef = 95876593B5A705753AAF1049 /* Pods_MindMine_MindMineUITests.framework */; };
		9A37C886261C8E60002BA1CC /* PatientInfo.swift in Sources */ = {isa = PBXBuildFile; fileRef = 9A37C885261C8E60002BA1CC /* PatientInfo.swift */; };
		9A37C88B261CB1EC002BA1CC /* GoogleService-Info.plist in Resources */ = {isa = PBXBuildFile; fileRef = 9A37C88A261CB1EC002BA1CC /* GoogleService-Info.plist */; };
		9A4AB495261E151A005F45E7 /* SignUpController.swift in Sources */ = {isa = PBXBuildFile; fileRef = 9A4AB494261E151A005F45E7 /* SignUpController.swift */; };
		BBA397EF591481ECDC9D893B /* Pods_MindMine.framework in Frameworks */ = {isa = PBXBuildFile; fileRef = 613741455928EE29CBAB8DBF /* Pods_MindMine.framework */; };
/* End PBXBuildFile section */

/* Begin PBXContainerItemProxy section */
		6BC57CDF25EE523B00D709E2 /* PBXContainerItemProxy */ = {
			isa = PBXContainerItemProxy;
			containerPortal = 6BC57CC025EE523700D709E2 /* Project object */;
			proxyType = 1;
			remoteGlobalIDString = 6BC57CC725EE523700D709E2;
			remoteInfo = MindMine;
		};
		6BC57CEA25EE523B00D709E2 /* PBXContainerItemProxy */ = {
			isa = PBXContainerItemProxy;
			containerPortal = 6BC57CC025EE523700D709E2 /* Project object */;
			proxyType = 1;
			remoteGlobalIDString = 6BC57CC725EE523700D709E2;
			remoteInfo = MindMine;
		};
/* End PBXContainerItemProxy section */

/* Begin PBXFileReference section */
		10BDF966208F70419E730167 /* Pods-MindMine-MindMineUITests.release.xcconfig */ = {isa = PBXFileReference; includeInIndex = 1; lastKnownFileType = text.xcconfig; name = "Pods-MindMine-MindMineUITests.release.xcconfig"; path = "Target Support Files/Pods-MindMine-MindMineUITests/Pods-MindMine-MindMineUITests.release.xcconfig"; sourceTree = "<group>"; };
		223CD5192263D0C20F3DF85F /* Pods-MindMine.release.xcconfig */ = {isa = PBXFileReference; includeInIndex = 1; lastKnownFileType = text.xcconfig; name = "Pods-MindMine.release.xcconfig"; path = "Target Support Files/Pods-MindMine/Pods-MindMine.release.xcconfig"; sourceTree = "<group>"; };
		4239D9CDF9D21031AC79CFAD /* Pods-MindMineTests.debug.xcconfig */ = {isa = PBXFileReference; includeInIndex = 1; lastKnownFileType = text.xcconfig; name = "Pods-MindMineTests.debug.xcconfig"; path = "Target Support Files/Pods-MindMineTests/Pods-MindMineTests.debug.xcconfig"; sourceTree = "<group>"; };
		613741455928EE29CBAB8DBF /* Pods_MindMine.framework */ = {isa = PBXFileReference; explicitFileType = wrapper.framework; includeInIndex = 0; path = Pods_MindMine.framework; sourceTree = BUILT_PRODUCTS_DIR; };
		6BC57CC825EE523700D709E2 /* MindMine.app */ = {isa = PBXFileReference; explicitFileType = wrapper.application; includeInIndex = 0; path = MindMine.app; sourceTree = BUILT_PRODUCTS_DIR; };
		6BC57CCB25EE523700D709E2 /* AppDelegate.swift */ = {isa = PBXFileReference; lastKnownFileType = sourcecode.swift; path = AppDelegate.swift; sourceTree = "<group>"; };
		6BC57CCD25EE523700D709E2 /* SceneDelegate.swift */ = {isa = PBXFileReference; lastKnownFileType = sourcecode.swift; path = SceneDelegate.swift; sourceTree = "<group>"; };
		6BC57CCF25EE523700D709E2 /* MainController.swift */ = {isa = PBXFileReference; lastKnownFileType = sourcecode.swift; path = MainController.swift; sourceTree = "<group>"; };
		6BC57CD225EE523700D709E2 /* Base */ = {isa = PBXFileReference; lastKnownFileType = file.storyboard; name = Base; path = Base.lproj/Main.storyboard; sourceTree = "<group>"; };
		6BC57CD425EE523A00D709E2 /* Assets.xcassets */ = {isa = PBXFileReference; lastKnownFileType = folder.assetcatalog; path = Assets.xcassets; sourceTree = "<group>"; };
		6BC57CD725EE523A00D709E2 /* Base */ = {isa = PBXFileReference; lastKnownFileType = file.storyboard; name = Base; path = Base.lproj/LaunchScreen.storyboard; sourceTree = "<group>"; };
		6BC57CD925EE523A00D709E2 /* Info.plist */ = {isa = PBXFileReference; lastKnownFileType = text.plist.xml; path = Info.plist; sourceTree = "<group>"; };
		6BC57CDE25EE523B00D709E2 /* MindMineTests.xctest */ = {isa = PBXFileReference; explicitFileType = wrapper.cfbundle; includeInIndex = 0; path = MindMineTests.xctest; sourceTree = BUILT_PRODUCTS_DIR; };
		6BC57CE925EE523B00D709E2 /* MindMineUITests.xctest */ = {isa = PBXFileReference; explicitFileType = wrapper.cfbundle; includeInIndex = 0; path = MindMineUITests.xctest; sourceTree = BUILT_PRODUCTS_DIR; };
		6BC57D0525EE525700D709E2 /* MindMineTests.swift */ = {isa = PBXFileReference; lastKnownFileType = sourcecode.swift; path = MindMineTests.swift; sourceTree = "<group>"; };
		6BC57D0625EE525700D709E2 /* Info.plist */ = {isa = PBXFileReference; lastKnownFileType = text.plist.xml; path = Info.plist; sourceTree = "<group>"; };
		6BC57D1C25EE527D00D709E2 /* MindMineUITests.swift */ = {isa = PBXFileReference; fileEncoding = 4; lastKnownFileType = sourcecode.swift; path = MindMineUITests.swift; sourceTree = "<group>"; };
		6BC57D2425EE527F00D709E2 /* Info.plist */ = {isa = PBXFileReference; lastKnownFileType = text.plist.xml; path = Info.plist; sourceTree = "<group>"; };
		6BD855D225F19ECD00C9E748 /* Model.xcdatamodel */ = {isa = PBXFileReference; lastKnownFileType = wrapper.xcdatamodel; path = Model.xcdatamodel; sourceTree = "<group>"; };
		6BD855E225F2810F00C9E748 /* LocationItem.swift */ = {isa = PBXFileReference; lastKnownFileType = sourcecode.swift; path = LocationItem.swift; sourceTree = "<group>"; };
		86C3786A3AD75B1C3024FD8C /* Pods-MindMineTests.release.xcconfig */ = {isa = PBXFileReference; includeInIndex = 1; lastKnownFileType = text.xcconfig; name = "Pods-MindMineTests.release.xcconfig"; path = "Target Support Files/Pods-MindMineTests/Pods-MindMineTests.release.xcconfig"; sourceTree = "<group>"; };
		88F84C81F8FC1D37D53F4950 /* Pods-MindMine.debug.xcconfig */ = {isa = PBXFileReference; includeInIndex = 1; lastKnownFileType = text.xcconfig; name = "Pods-MindMine.debug.xcconfig"; path = "Target Support Files/Pods-MindMine/Pods-MindMine.debug.xcconfig"; sourceTree = "<group>"; };
		95876593B5A705753AAF1049 /* Pods_MindMine_MindMineUITests.framework */ = {isa = PBXFileReference; explicitFileType = wrapper.framework; includeInIndex = 0; path = Pods_MindMine_MindMineUITests.framework; sourceTree = BUILT_PRODUCTS_DIR; };
		9A37C885261C8E60002BA1CC /* PatientInfo.swift */ = {isa = PBXFileReference; lastKnownFileType = sourcecode.swift; path = PatientInfo.swift; sourceTree = "<group>"; };
		9A37C88A261CB1EC002BA1CC /* GoogleService-Info.plist */ = {isa = PBXFileReference; fileEncoding = 4; lastKnownFileType = text.plist.xml; path = "GoogleService-Info.plist"; sourceTree = "<group>"; };
		9A4AB494261E151A005F45E7 /* SignUpController.swift */ = {isa = PBXFileReference; lastKnownFileType = sourcecode.swift; path = SignUpController.swift; sourceTree = "<group>"; };
		9FBF7F3172A4D33FD72BF3B8 /* Pods_MindMineTests.framework */ = {isa = PBXFileReference; explicitFileType = wrapper.framework; includeInIndex = 0; path = Pods_MindMineTests.framework; sourceTree = BUILT_PRODUCTS_DIR; };
		B7BC7BBCD35652D3666830E0 /* Pods-MindMine-MindMineUITests.debug.xcconfig */ = {isa = PBXFileReference; includeInIndex = 1; lastKnownFileType = text.xcconfig; name = "Pods-MindMine-MindMineUITests.debug.xcconfig"; path = "Target Support Files/Pods-MindMine-MindMineUITests/Pods-MindMine-MindMineUITests.debug.xcconfig"; sourceTree = "<group>"; };
/* End PBXFileReference section */

/* Begin PBXFrameworksBuildPhase section */
		6BC57CC525EE523700D709E2 /* Frameworks */ = {
			isa = PBXFrameworksBuildPhase;
			buildActionMask = 2147483647;
			files = (
				BBA397EF591481ECDC9D893B /* Pods_MindMine.framework in Frameworks */,
			);
			runOnlyForDeploymentPostprocessing = 0;
		};
		6BC57CDB25EE523B00D709E2 /* Frameworks */ = {
			isa = PBXFrameworksBuildPhase;
			buildActionMask = 2147483647;
			files = (
				07535F84C7DA861D8B8BC88D /* Pods_MindMineTests.framework in Frameworks */,
			);
			runOnlyForDeploymentPostprocessing = 0;
		};
		6BC57CE625EE523B00D709E2 /* Frameworks */ = {
			isa = PBXFrameworksBuildPhase;
			buildActionMask = 2147483647;
			files = (
				7E5753090306EC916D9DC89B /* Pods_MindMine_MindMineUITests.framework in Frameworks */,
			);
			runOnlyForDeploymentPostprocessing = 0;
		};
/* End PBXFrameworksBuildPhase section */

/* Begin PBXGroup section */
		5C9DBA30985A6E4A6E01D031 /* Pods */ = {
			isa = PBXGroup;
			children = (
				88F84C81F8FC1D37D53F4950 /* Pods-MindMine.debug.xcconfig */,
				223CD5192263D0C20F3DF85F /* Pods-MindMine.release.xcconfig */,
				B7BC7BBCD35652D3666830E0 /* Pods-MindMine-MindMineUITests.debug.xcconfig */,
				10BDF966208F70419E730167 /* Pods-MindMine-MindMineUITests.release.xcconfig */,
				4239D9CDF9D21031AC79CFAD /* Pods-MindMineTests.debug.xcconfig */,
				86C3786A3AD75B1C3024FD8C /* Pods-MindMineTests.release.xcconfig */,
			);
			path = Pods;
			sourceTree = "<group>";
		};
		6BC57CBF25EE523700D709E2 = {
			isa = PBXGroup;
			children = (
				6BC57CCA25EE523700D709E2 /* MindMine */,
				6BC57CE125EE523B00D709E2 /* MindMineTests */,
				6BC57CEC25EE523B00D709E2 /* MindMineUITests */,
				6BC57CC925EE523700D709E2 /* Products */,
				5C9DBA30985A6E4A6E01D031 /* Pods */,
				76B82AD27128AC6F0D405210 /* Frameworks */,
			);
			sourceTree = "<group>";
		};
		6BC57CC925EE523700D709E2 /* Products */ = {
			isa = PBXGroup;
			children = (
				6BC57CC825EE523700D709E2 /* MindMine.app */,
				6BC57CDE25EE523B00D709E2 /* MindMineTests.xctest */,
				6BC57CE925EE523B00D709E2 /* MindMineUITests.xctest */,
			);
			name = Products;
			sourceTree = "<group>";
		};
		6BC57CCA25EE523700D709E2 /* MindMine */ = {
			isa = PBXGroup;
			children = (
				9A37C88A261CB1EC002BA1CC /* GoogleService-Info.plist */,
				6BC57CCB25EE523700D709E2 /* AppDelegate.swift */,
				6BC57CCD25EE523700D709E2 /* SceneDelegate.swift */,
				6BC57CCF25EE523700D709E2 /* MainController.swift */,
				6BC57CD125EE523700D709E2 /* Main.storyboard */,
				6BC57CD425EE523A00D709E2 /* Assets.xcassets */,
				6BC57CD625EE523A00D709E2 /* LaunchScreen.storyboard */,
				6BC57CD925EE523A00D709E2 /* Info.plist */,
				6BD855D125F19ECC00C9E748 /* Model.xcdatamodeld */,
				6BD855E225F2810F00C9E748 /* LocationItem.swift */,
				9A37C885261C8E60002BA1CC /* PatientInfo.swift */,
				9A4AB494261E151A005F45E7 /* SignUpController.swift */,
			);
			path = MindMine;
			sourceTree = "<group>";
		};
		6BC57CE125EE523B00D709E2 /* MindMineTests */ = {
			isa = PBXGroup;
			children = (
				6BC57D0625EE525700D709E2 /* Info.plist */,
				6BC57D0525EE525700D709E2 /* MindMineTests.swift */,
			);
			path = MindMineTests;
			sourceTree = "<group>";
		};
		6BC57CEC25EE523B00D709E2 /* MindMineUITests */ = {
			isa = PBXGroup;
			children = (
				6BC57D2425EE527F00D709E2 /* Info.plist */,
				6BC57D1C25EE527D00D709E2 /* MindMineUITests.swift */,
			);
			path = MindMineUITests;
			sourceTree = "<group>";
		};
		76B82AD27128AC6F0D405210 /* Frameworks */ = {
			isa = PBXGroup;
			children = (
				613741455928EE29CBAB8DBF /* Pods_MindMine.framework */,
				95876593B5A705753AAF1049 /* Pods_MindMine_MindMineUITests.framework */,
				9FBF7F3172A4D33FD72BF3B8 /* Pods_MindMineTests.framework */,
			);
			name = Frameworks;
			sourceTree = "<group>";
		};
/* End PBXGroup section */

/* Begin PBXNativeTarget section */
		6BC57CC725EE523700D709E2 /* MindMine */ = {
			isa = PBXNativeTarget;
			buildConfigurationList = 6BC57CF225EE523B00D709E2 /* Build configuration list for PBXNativeTarget "MindMine" */;
			buildPhases = (
				4B7B747E9CA86A3ADDB14E1F /* [CP] Check Pods Manifest.lock */,
				6BC57CC425EE523700D709E2 /* Sources */,
				6BC57CC525EE523700D709E2 /* Frameworks */,
				6BC57CC625EE523700D709E2 /* Resources */,
				654A0EDA0D5453DED6DEAB05 /* [CP] Embed Pods Frameworks */,
			);
			buildRules = (
			);
			dependencies = (
			);
			name = MindMine;
			productName = MindMine;
			productReference = 6BC57CC825EE523700D709E2 /* MindMine.app */;
			productType = "com.apple.product-type.application";
		};
		6BC57CDD25EE523B00D709E2 /* MindMineTests */ = {
			isa = PBXNativeTarget;
			buildConfigurationList = 6BC57CF525EE523B00D709E2 /* Build configuration list for PBXNativeTarget "MindMineTests" */;
			buildPhases = (
				050CE65815AADC1A002C5A81 /* [CP] Check Pods Manifest.lock */,
				6BC57CDA25EE523B00D709E2 /* Sources */,
				6BC57CDB25EE523B00D709E2 /* Frameworks */,
				6BC57CDC25EE523B00D709E2 /* Resources */,
			);
			buildRules = (
			);
			dependencies = (
				6BC57CE025EE523B00D709E2 /* PBXTargetDependency */,
			);
			name = MindMineTests;
			productName = MindMineTests;
			productReference = 6BC57CDE25EE523B00D709E2 /* MindMineTests.xctest */;
			productType = "com.apple.product-type.bundle.unit-test";
		};
		6BC57CE825EE523B00D709E2 /* MindMineUITests */ = {
			isa = PBXNativeTarget;
			buildConfigurationList = 6BC57CF825EE523B00D709E2 /* Build configuration list for PBXNativeTarget "MindMineUITests" */;
			buildPhases = (
				3FEDEED2AD6E87AF8E88A761 /* [CP] Check Pods Manifest.lock */,
				6BC57CE525EE523B00D709E2 /* Sources */,
				6BC57CE625EE523B00D709E2 /* Frameworks */,
				6BC57CE725EE523B00D709E2 /* Resources */,
				DD9BE46D954C527FC9E36197 /* [CP] Embed Pods Frameworks */,
			);
			buildRules = (
			);
			dependencies = (
				6BC57CEB25EE523B00D709E2 /* PBXTargetDependency */,
			);
			name = MindMineUITests;
			productName = MindMineUITests;
			productReference = 6BC57CE925EE523B00D709E2 /* MindMineUITests.xctest */;
			productType = "com.apple.product-type.bundle.ui-testing";
		};
/* End PBXNativeTarget section */

/* Begin PBXProject section */
		6BC57CC025EE523700D709E2 /* Project object */ = {
			isa = PBXProject;
			attributes = {
				LastSwiftUpdateCheck = 1240;
				LastUpgradeCheck = 1240;
				TargetAttributes = {
					6BC57CC725EE523700D709E2 = {
						CreatedOnToolsVersion = 12.4;
					};
					6BC57CDD25EE523B00D709E2 = {
						CreatedOnToolsVersion = 12.4;
						TestTargetID = 6BC57CC725EE523700D709E2;
					};
					6BC57CE825EE523B00D709E2 = {
						CreatedOnToolsVersion = 12.4;
						TestTargetID = 6BC57CC725EE523700D709E2;
					};
				};
			};
			buildConfigurationList = 6BC57CC325EE523700D709E2 /* Build configuration list for PBXProject "MindMine" */;
			compatibilityVersion = "Xcode 9.3";
			developmentRegion = en;
			hasScannedForEncodings = 0;
			knownRegions = (
				en,
				Base,
			);
			mainGroup = 6BC57CBF25EE523700D709E2;
			productRefGroup = 6BC57CC925EE523700D709E2 /* Products */;
			projectDirPath = "";
			projectRoot = "";
			targets = (
				6BC57CC725EE523700D709E2 /* MindMine */,
				6BC57CDD25EE523B00D709E2 /* MindMineTests */,
				6BC57CE825EE523B00D709E2 /* MindMineUITests */,
			);
		};
/* End PBXProject section */

/* Begin PBXResourcesBuildPhase section */
		6BC57CC625EE523700D709E2 /* Resources */ = {
			isa = PBXResourcesBuildPhase;
			buildActionMask = 2147483647;
			files = (
				6BC57CD825EE523A00D709E2 /* LaunchScreen.storyboard in Resources */,
				9A37C88B261CB1EC002BA1CC /* GoogleService-Info.plist in Resources */,
				6BC57CD525EE523A00D709E2 /* Assets.xcassets in Resources */,
				6BC57CD325EE523700D709E2 /* Main.storyboard in Resources */,
			);
			runOnlyForDeploymentPostprocessing = 0;
		};
		6BC57CDC25EE523B00D709E2 /* Resources */ = {
			isa = PBXResourcesBuildPhase;
			buildActionMask = 2147483647;
			files = (
			);
			runOnlyForDeploymentPostprocessing = 0;
		};
		6BC57CE725EE523B00D709E2 /* Resources */ = {
			isa = PBXResourcesBuildPhase;
			buildActionMask = 2147483647;
			files = (
			);
			runOnlyForDeploymentPostprocessing = 0;
		};
/* End PBXResourcesBuildPhase section */

/* Begin PBXShellScriptBuildPhase section */
		050CE65815AADC1A002C5A81 /* [CP] Check Pods Manifest.lock */ = {
			isa = PBXShellScriptBuildPhase;
			buildActionMask = 2147483647;
			files = (
			);
			inputFileListPaths = (
			);
			inputPaths = (
				"${PODS_PODFILE_DIR_PATH}/Podfile.lock",
				"${PODS_ROOT}/Manifest.lock",
			);
			name = "[CP] Check Pods Manifest.lock";
			outputFileListPaths = (
			);
			outputPaths = (
				"$(DERIVED_FILE_DIR)/Pods-MindMineTests-checkManifestLockResult.txt",
			);
			runOnlyForDeploymentPostprocessing = 0;
			shellPath = /bin/sh;
			shellScript = "diff \"${PODS_PODFILE_DIR_PATH}/Podfile.lock\" \"${PODS_ROOT}/Manifest.lock\" > /dev/null\nif [ $? != 0 ] ; then\n    # print error to STDERR\n    echo \"error: The sandbox is not in sync with the Podfile.lock. Run 'pod install' or update your CocoaPods installation.\" >&2\n    exit 1\nfi\n# This output is used by Xcode 'outputs' to avoid re-running this script phase.\necho \"SUCCESS\" > \"${SCRIPT_OUTPUT_FILE_0}\"\n";
			showEnvVarsInLog = 0;
		};
		3FEDEED2AD6E87AF8E88A761 /* [CP] Check Pods Manifest.lock */ = {
			isa = PBXShellScriptBuildPhase;
			buildActionMask = 2147483647;
			files = (
			);
			inputFileListPaths = (
			);
			inputPaths = (
				"${PODS_PODFILE_DIR_PATH}/Podfile.lock",
				"${PODS_ROOT}/Manifest.lock",
			);
			name = "[CP] Check Pods Manifest.lock";
			outputFileListPaths = (
			);
			outputPaths = (
				"$(DERIVED_FILE_DIR)/Pods-MindMine-MindMineUITests-checkManifestLockResult.txt",
			);
			runOnlyForDeploymentPostprocessing = 0;
			shellPath = /bin/sh;
			shellScript = "diff \"${PODS_PODFILE_DIR_PATH}/Podfile.lock\" \"${PODS_ROOT}/Manifest.lock\" > /dev/null\nif [ $? != 0 ] ; then\n    # print error to STDERR\n    echo \"error: The sandbox is not in sync with the Podfile.lock. Run 'pod install' or update your CocoaPods installation.\" >&2\n    exit 1\nfi\n# This output is used by Xcode 'outputs' to avoid re-running this script phase.\necho \"SUCCESS\" > \"${SCRIPT_OUTPUT_FILE_0}\"\n";
			showEnvVarsInLog = 0;
		};
		4B7B747E9CA86A3ADDB14E1F /* [CP] Check Pods Manifest.lock */ = {
			isa = PBXShellScriptBuildPhase;
			buildActionMask = 2147483647;
			files = (
			);
			inputFileListPaths = (
			);
			inputPaths = (
				"${PODS_PODFILE_DIR_PATH}/Podfile.lock",
				"${PODS_ROOT}/Manifest.lock",
			);
			name = "[CP] Check Pods Manifest.lock";
			outputFileListPaths = (
			);
			outputPaths = (
				"$(DERIVED_FILE_DIR)/Pods-MindMine-checkManifestLockResult.txt",
			);
			runOnlyForDeploymentPostprocessing = 0;
			shellPath = /bin/sh;
			shellScript = "diff \"${PODS_PODFILE_DIR_PATH}/Podfile.lock\" \"${PODS_ROOT}/Manifest.lock\" > /dev/null\nif [ $? != 0 ] ; then\n    # print error to STDERR\n    echo \"error: The sandbox is not in sync with the Podfile.lock. Run 'pod install' or update your CocoaPods installation.\" >&2\n    exit 1\nfi\n# This output is used by Xcode 'outputs' to avoid re-running this script phase.\necho \"SUCCESS\" > \"${SCRIPT_OUTPUT_FILE_0}\"\n";
			showEnvVarsInLog = 0;
		};
		654A0EDA0D5453DED6DEAB05 /* [CP] Embed Pods Frameworks */ = {
			isa = PBXShellScriptBuildPhase;
			buildActionMask = 2147483647;
			files = (
			);
			inputFileListPaths = (
				"${PODS_ROOT}/Target Support Files/Pods-MindMine/Pods-MindMine-frameworks-${CONFIGURATION}-input-files.xcfilelist",
			);
			name = "[CP] Embed Pods Frameworks";
			outputFileListPaths = (
				"${PODS_ROOT}/Target Support Files/Pods-MindMine/Pods-MindMine-frameworks-${CONFIGURATION}-output-files.xcfilelist",
			);
			runOnlyForDeploymentPostprocessing = 0;
			shellPath = /bin/sh;
			shellScript = "\"${PODS_ROOT}/Target Support Files/Pods-MindMine/Pods-MindMine-frameworks.sh\"\n";
			showEnvVarsInLog = 0;
		};
		DD9BE46D954C527FC9E36197 /* [CP] Embed Pods Frameworks */ = {
			isa = PBXShellScriptBuildPhase;
			buildActionMask = 2147483647;
			files = (
			);
			inputFileListPaths = (
				"${PODS_ROOT}/Target Support Files/Pods-MindMine-MindMineUITests/Pods-MindMine-MindMineUITests-frameworks-${CONFIGURATION}-input-files.xcfilelist",
			);
			name = "[CP] Embed Pods Frameworks";
			outputFileListPaths = (
				"${PODS_ROOT}/Target Support Files/Pods-MindMine-MindMineUITests/Pods-MindMine-MindMineUITests-frameworks-${CONFIGURATION}-output-files.xcfilelist",
			);
			runOnlyForDeploymentPostprocessing = 0;
			shellPath = /bin/sh;
			shellScript = "\"${PODS_ROOT}/Target Support Files/Pods-MindMine-MindMineUITests/Pods-MindMine-MindMineUITests-frameworks.sh\"\n";
			showEnvVarsInLog = 0;
		};
/* End PBXShellScriptBuildPhase section */

/* Begin PBXSourcesBuildPhase section */
		6BC57CC425EE523700D709E2 /* Sources */ = {
			isa = PBXSourcesBuildPhase;
			buildActionMask = 2147483647;
			files = (
				6BC57CD025EE523700D709E2 /* MainController.swift in Sources */,
				6BD855E325F2810F00C9E748 /* LocationItem.swift in Sources */,
				9A4AB495261E151A005F45E7 /* SignUpController.swift in Sources */,
				6BC57CCC25EE523700D709E2 /* AppDelegate.swift in Sources */,
				6BC57CCE25EE523700D709E2 /* SceneDelegate.swift in Sources */,
				6BD855D325F19ECD00C9E748 /* Model.xcdatamodeld in Sources */,
				9A37C886261C8E60002BA1CC /* PatientInfo.swift in Sources */,
			);
			runOnlyForDeploymentPostprocessing = 0;
		};
		6BC57CDA25EE523B00D709E2 /* Sources */ = {
			isa = PBXSourcesBuildPhase;
			buildActionMask = 2147483647;
			files = (
				6BC57D0725EE525700D709E2 /* MindMineTests.swift in Sources */,
			);
			runOnlyForDeploymentPostprocessing = 0;
		};
		6BC57CE525EE523B00D709E2 /* Sources */ = {
			isa = PBXSourcesBuildPhase;
			buildActionMask = 2147483647;
			files = (
				6BC57D1D25EE527D00D709E2 /* MindMineUITests.swift in Sources */,
			);
			runOnlyForDeploymentPostprocessing = 0;
		};
/* End PBXSourcesBuildPhase section */

/* Begin PBXTargetDependency section */
		6BC57CE025EE523B00D709E2 /* PBXTargetDependency */ = {
			isa = PBXTargetDependency;
			target = 6BC57CC725EE523700D709E2 /* MindMine */;
			targetProxy = 6BC57CDF25EE523B00D709E2 /* PBXContainerItemProxy */;
		};
		6BC57CEB25EE523B00D709E2 /* PBXTargetDependency */ = {
			isa = PBXTargetDependency;
			target = 6BC57CC725EE523700D709E2 /* MindMine */;
			targetProxy = 6BC57CEA25EE523B00D709E2 /* PBXContainerItemProxy */;
		};
/* End PBXTargetDependency section */

/* Begin PBXVariantGroup section */
		6BC57CD125EE523700D709E2 /* Main.storyboard */ = {
			isa = PBXVariantGroup;
			children = (
				6BC57CD225EE523700D709E2 /* Base */,
			);
			name = Main.storyboard;
			sourceTree = "<group>";
		};
		6BC57CD625EE523A00D709E2 /* LaunchScreen.storyboard */ = {
			isa = PBXVariantGroup;
			children = (
				6BC57CD725EE523A00D709E2 /* Base */,
			);
			name = LaunchScreen.storyboard;
			sourceTree = "<group>";
		};
/* End PBXVariantGroup section */

/* Begin XCBuildConfiguration section */
		6BC57CF025EE523B00D709E2 /* Debug */ = {
			isa = XCBuildConfiguration;
			buildSettings = {
				ALWAYS_SEARCH_USER_PATHS = NO;
				CLANG_ANALYZER_NONNULL = YES;
				CLANG_ANALYZER_NUMBER_OBJECT_CONVERSION = YES_AGGRESSIVE;
				CLANG_CXX_LANGUAGE_STANDARD = "gnu++14";
				CLANG_CXX_LIBRARY = "libc++";
				CLANG_ENABLE_MODULES = YES;
				CLANG_ENABLE_OBJC_ARC = YES;
				CLANG_ENABLE_OBJC_WEAK = YES;
				CLANG_WARN_BLOCK_CAPTURE_AUTORELEASING = YES;
				CLANG_WARN_BOOL_CONVERSION = YES;
				CLANG_WARN_COMMA = YES;
				CLANG_WARN_CONSTANT_CONVERSION = YES;
				CLANG_WARN_DEPRECATED_OBJC_IMPLEMENTATIONS = YES;
				CLANG_WARN_DIRECT_OBJC_ISA_USAGE = YES_ERROR;
				CLANG_WARN_DOCUMENTATION_COMMENTS = YES;
				CLANG_WARN_EMPTY_BODY = YES;
				CLANG_WARN_ENUM_CONVERSION = YES;
				CLANG_WARN_INFINITE_RECURSION = YES;
				CLANG_WARN_INT_CONVERSION = YES;
				CLANG_WARN_NON_LITERAL_NULL_CONVERSION = YES;
				CLANG_WARN_OBJC_IMPLICIT_RETAIN_SELF = YES;
				CLANG_WARN_OBJC_LITERAL_CONVERSION = YES;
				CLANG_WARN_OBJC_ROOT_CLASS = YES_ERROR;
				CLANG_WARN_QUOTED_INCLUDE_IN_FRAMEWORK_HEADER = YES;
				CLANG_WARN_RANGE_LOOP_ANALYSIS = YES;
				CLANG_WARN_STRICT_PROTOTYPES = YES;
				CLANG_WARN_SUSPICIOUS_MOVE = YES;
				CLANG_WARN_UNGUARDED_AVAILABILITY = YES_AGGRESSIVE;
				CLANG_WARN_UNREACHABLE_CODE = YES;
				CLANG_WARN__DUPLICATE_METHOD_MATCH = YES;
				COPY_PHASE_STRIP = NO;
				DEBUG_INFORMATION_FORMAT = dwarf;
				ENABLE_STRICT_OBJC_MSGSEND = YES;
				ENABLE_TESTABILITY = YES;
				GCC_C_LANGUAGE_STANDARD = gnu11;
				GCC_DYNAMIC_NO_PIC = NO;
				GCC_NO_COMMON_BLOCKS = YES;
				GCC_OPTIMIZATION_LEVEL = 0;
				GCC_PREPROCESSOR_DEFINITIONS = (
					"DEBUG=1",
					"$(inherited)",
				);
				GCC_WARN_64_TO_32_BIT_CONVERSION = YES;
				GCC_WARN_ABOUT_RETURN_TYPE = YES_ERROR;
				GCC_WARN_UNDECLARED_SELECTOR = YES;
				GCC_WARN_UNINITIALIZED_AUTOS = YES_AGGRESSIVE;
				GCC_WARN_UNUSED_FUNCTION = YES;
				GCC_WARN_UNUSED_VARIABLE = YES;
				IPHONEOS_DEPLOYMENT_TARGET = 14.4;
				MTL_ENABLE_DEBUG_INFO = INCLUDE_SOURCE;
				MTL_FAST_MATH = YES;
				ONLY_ACTIVE_ARCH = YES;
				SDKROOT = iphoneos;
				SWIFT_ACTIVE_COMPILATION_CONDITIONS = DEBUG;
				SWIFT_OPTIMIZATION_LEVEL = "-Onone";
			};
			name = Debug;
		};
		6BC57CF125EE523B00D709E2 /* Release */ = {
			isa = XCBuildConfiguration;
			buildSettings = {
				ALWAYS_SEARCH_USER_PATHS = NO;
				CLANG_ANALYZER_NONNULL = YES;
				CLANG_ANALYZER_NUMBER_OBJECT_CONVERSION = YES_AGGRESSIVE;
				CLANG_CXX_LANGUAGE_STANDARD = "gnu++14";
				CLANG_CXX_LIBRARY = "libc++";
				CLANG_ENABLE_MODULES = YES;
				CLANG_ENABLE_OBJC_ARC = YES;
				CLANG_ENABLE_OBJC_WEAK = YES;
				CLANG_WARN_BLOCK_CAPTURE_AUTORELEASING = YES;
				CLANG_WARN_BOOL_CONVERSION = YES;
				CLANG_WARN_COMMA = YES;
				CLANG_WARN_CONSTANT_CONVERSION = YES;
				CLANG_WARN_DEPRECATED_OBJC_IMPLEMENTATIONS = YES;
				CLANG_WARN_DIRECT_OBJC_ISA_USAGE = YES_ERROR;
				CLANG_WARN_DOCUMENTATION_COMMENTS = YES;
				CLANG_WARN_EMPTY_BODY = YES;
				CLANG_WARN_ENUM_CONVERSION = YES;
				CLANG_WARN_INFINITE_RECURSION = YES;
				CLANG_WARN_INT_CONVERSION = YES;
				CLANG_WARN_NON_LITERAL_NULL_CONVERSION = YES;
				CLANG_WARN_OBJC_IMPLICIT_RETAIN_SELF = YES;
				CLANG_WARN_OBJC_LITERAL_CONVERSION = YES;
				CLANG_WARN_OBJC_ROOT_CLASS = YES_ERROR;
				CLANG_WARN_QUOTED_INCLUDE_IN_FRAMEWORK_HEADER = YES;
				CLANG_WARN_RANGE_LOOP_ANALYSIS = YES;
				CLANG_WARN_STRICT_PROTOTYPES = YES;
				CLANG_WARN_SUSPICIOUS_MOVE = YES;
				CLANG_WARN_UNGUARDED_AVAILABILITY = YES_AGGRESSIVE;
				CLANG_WARN_UNREACHABLE_CODE = YES;
				CLANG_WARN__DUPLICATE_METHOD_MATCH = YES;
				COPY_PHASE_STRIP = NO;
				DEBUG_INFORMATION_FORMAT = "dwarf-with-dsym";
				ENABLE_NS_ASSERTIONS = NO;
				ENABLE_STRICT_OBJC_MSGSEND = YES;
				GCC_C_LANGUAGE_STANDARD = gnu11;
				GCC_NO_COMMON_BLOCKS = YES;
				GCC_WARN_64_TO_32_BIT_CONVERSION = YES;
				GCC_WARN_ABOUT_RETURN_TYPE = YES_ERROR;
				GCC_WARN_UNDECLARED_SELECTOR = YES;
				GCC_WARN_UNINITIALIZED_AUTOS = YES_AGGRESSIVE;
				GCC_WARN_UNUSED_FUNCTION = YES;
				GCC_WARN_UNUSED_VARIABLE = YES;
				IPHONEOS_DEPLOYMENT_TARGET = 14.4;
				MTL_ENABLE_DEBUG_INFO = NO;
				MTL_FAST_MATH = YES;
				SDKROOT = iphoneos;
				SWIFT_COMPILATION_MODE = wholemodule;
				SWIFT_OPTIMIZATION_LEVEL = "-O";
				VALIDATE_PRODUCT = YES;
			};
			name = Release;
		};
		6BC57CF325EE523B00D709E2 /* Debug */ = {
			isa = XCBuildConfiguration;
			baseConfigurationReference = 88F84C81F8FC1D37D53F4950 /* Pods-MindMine.debug.xcconfig */;
			buildSettings = {
				ASSETCATALOG_COMPILER_APPICON_NAME = AppIcon;
				ASSETCATALOG_COMPILER_GLOBAL_ACCENT_COLOR_NAME = AccentColor;
				CODE_SIGN_STYLE = Automatic;
				DEVELOPMENT_TEAM = AQ8T9LR5UR;
				INFOPLIST_FILE = MindMine/Info.plist;
				IPHONEOS_DEPLOYMENT_TARGET = 14.1;
				LD_RUNPATH_SEARCH_PATHS = (
					"$(inherited)",
					"@executable_path/Frameworks",
				);
				PRODUCT_BUNDLE_IDENTIFIER = io.mindmine.mindmine.ioss;
				PRODUCT_NAME = "$(TARGET_NAME)";
				SWIFT_VERSION = 5.0;
				TARGETED_DEVICE_FAMILY = "1,2";
			};
			name = Debug;
		};
		6BC57CF425EE523B00D709E2 /* Release */ = {
			isa = XCBuildConfiguration;
			baseConfigurationReference = 223CD5192263D0C20F3DF85F /* Pods-MindMine.release.xcconfig */;
			buildSettings = {
				ASSETCATALOG_COMPILER_APPICON_NAME = AppIcon;
				ASSETCATALOG_COMPILER_GLOBAL_ACCENT_COLOR_NAME = AccentColor;
				CODE_SIGN_STYLE = Automatic;
				DEVELOPMENT_TEAM = AQ8T9LR5UR;
				INFOPLIST_FILE = MindMine/Info.plist;
				IPHONEOS_DEPLOYMENT_TARGET = 14.1;
				LD_RUNPATH_SEARCH_PATHS = (
					"$(inherited)",
					"@executable_path/Frameworks",
				);
				PRODUCT_BUNDLE_IDENTIFIER = io.mindmine.mindmine.ioss;
				PRODUCT_NAME = "$(TARGET_NAME)";
				SWIFT_VERSION = 5.0;
				TARGETED_DEVICE_FAMILY = "1,2";
			};
			name = Release;
		};
		6BC57CF625EE523B00D709E2 /* Debug */ = {
			isa = XCBuildConfiguration;
			baseConfigurationReference = 4239D9CDF9D21031AC79CFAD /* Pods-MindMineTests.debug.xcconfig */;
			buildSettings = {
				ALWAYS_EMBED_SWIFT_STANDARD_LIBRARIES = YES;
				BUNDLE_LOADER = "$(TEST_HOST)";
				CODE_SIGN_STYLE = Automatic;
				INFOPLIST_FILE = MindMineTests/Info.plist;
				IPHONEOS_DEPLOYMENT_TARGET = 14.4;
				LD_RUNPATH_SEARCH_PATHS = (
					"$(inherited)",
					"@executable_path/Frameworks",
					"@loader_path/Frameworks",
				);
				PRODUCT_BUNDLE_IDENTIFIER = mindmine.io.MindMineTests;
				PRODUCT_NAME = "$(TARGET_NAME)";
				SWIFT_VERSION = 5.0;
				TARGETED_DEVICE_FAMILY = "1,2";
				TEST_HOST = "$(BUILT_PRODUCTS_DIR)/MindMine.app/MindMine";
			};
			name = Debug;
		};
		6BC57CF725EE523B00D709E2 /* Release */ = {
			isa = XCBuildConfiguration;
			baseConfigurationReference = 86C3786A3AD75B1C3024FD8C /* Pods-MindMineTests.release.xcconfig */;
			buildSettings = {
				ALWAYS_EMBED_SWIFT_STANDARD_LIBRARIES = YES;
				BUNDLE_LOADER = "$(TEST_HOST)";
				CODE_SIGN_STYLE = Automatic;
				INFOPLIST_FILE = MindMineTests/Info.plist;
				IPHONEOS_DEPLOYMENT_TARGET = 14.4;
				LD_RUNPATH_SEARCH_PATHS = (
					"$(inherited)",
					"@executable_path/Frameworks",
					"@loader_path/Frameworks",
				);
				PRODUCT_BUNDLE_IDENTIFIER = mindmine.io.MindMineTests;
				PRODUCT_NAME = "$(TARGET_NAME)";
				SWIFT_VERSION = 5.0;
				TARGETED_DEVICE_FAMILY = "1,2";
				TEST_HOST = "$(BUILT_PRODUCTS_DIR)/MindMine.app/MindMine";
			};
			name = Release;
		};
		6BC57CF925EE523B00D709E2 /* Debug */ = {
			isa = XCBuildConfiguration;
			baseConfigurationReference = B7BC7BBCD35652D3666830E0 /* Pods-MindMine-MindMineUITests.debug.xcconfig */;
			buildSettings = {
				ALWAYS_EMBED_SWIFT_STANDARD_LIBRARIES = YES;
				CODE_SIGN_STYLE = Automatic;
				INFOPLIST_FILE = MindMineUITests/Info.plist;
				LD_RUNPATH_SEARCH_PATHS = (
					"$(inherited)",
					"@executable_path/Frameworks",
					"@loader_path/Frameworks",
				);
				PRODUCT_BUNDLE_IDENTIFIER = mindmine.io.MindMineUITests;
				PRODUCT_NAME = "$(TARGET_NAME)";
				SWIFT_VERSION = 5.0;
				TARGETED_DEVICE_FAMILY = "1,2";
				TEST_TARGET_NAME = MindMine;
			};
			name = Debug;
		};
		6BC57CFA25EE523B00D709E2 /* Release */ = {
			isa = XCBuildConfiguration;
			baseConfigurationReference = 10BDF966208F70419E730167 /* Pods-MindMine-MindMineUITests.release.xcconfig */;
			buildSettings = {
				ALWAYS_EMBED_SWIFT_STANDARD_LIBRARIES = YES;
				CODE_SIGN_STYLE = Automatic;
				INFOPLIST_FILE = MindMineUITests/Info.plist;
				LD_RUNPATH_SEARCH_PATHS = (
					"$(inherited)",
					"@executable_path/Frameworks",
					"@loader_path/Frameworks",
				);
				PRODUCT_BUNDLE_IDENTIFIER = mindmine.io.MindMineUITests;
				PRODUCT_NAME = "$(TARGET_NAME)";
				SWIFT_VERSION = 5.0;
				TARGETED_DEVICE_FAMILY = "1,2";
				TEST_TARGET_NAME = MindMine;
			};
			name = Release;
		};
/* End XCBuildConfiguration section */

/* Begin XCConfigurationList section */
		6BC57CC325EE523700D709E2 /* Build configuration list for PBXProject "MindMine" */ = {
			isa = XCConfigurationList;
			buildConfigurations = (
				6BC57CF025EE523B00D709E2 /* Debug */,
				6BC57CF125EE523B00D709E2 /* Release */,
			);
			defaultConfigurationIsVisible = 0;
			defaultConfigurationName = Release;
		};
		6BC57CF225EE523B00D709E2 /* Build configuration list for PBXNativeTarget "MindMine" */ = {
			isa = XCConfigurationList;
			buildConfigurations = (
				6BC57CF325EE523B00D709E2 /* Debug */,
				6BC57CF425EE523B00D709E2 /* Release */,
			);
			defaultConfigurationIsVisible = 0;
			defaultConfigurationName = Release;
		};
		6BC57CF525EE523B00D709E2 /* Build configuration list for PBXNativeTarget "MindMineTests" */ = {
			isa = XCConfigurationList;
			buildConfigurations = (
				6BC57CF625EE523B00D709E2 /* Debug */,
				6BC57CF725EE523B00D709E2 /* Release */,
			);
			defaultConfigurationIsVisible = 0;
			defaultConfigurationName = Release;
		};
		6BC57CF825EE523B00D709E2 /* Build configuration list for PBXNativeTarget "MindMineUITests" */ = {
			isa = XCConfigurationList;
			buildConfigurations = (
				6BC57CF925EE523B00D709E2 /* Debug */,
				6BC57CFA25EE523B00D709E2 /* Release */,
			);
			defaultConfigurationIsVisible = 0;
			defaultConfigurationName = Release;
		};
/* End XCConfigurationList section */

/* Begin XCVersionGroup section */
		6BD855D125F19ECC00C9E748 /* Model.xcdatamodeld */ = {
			isa = XCVersionGroup;
			children = (
				6BD855D225F19ECD00C9E748 /* Model.xcdatamodel */,
			);
			currentVersion = 6BD855D225F19ECD00C9E748 /* Model.xcdatamodel */;
			path = Model.xcdatamodeld;
			sourceTree = "<group>";
			versionGroupType = wrapper.xcdatamodel;
		};
/* End XCVersionGroup section */
	};
	rootObject = 6BC57CC025EE523700D709E2 /* Project object */;
}
